
Microsoft Visual Studio Solution File, Format Version 12.00
# Visual Studio Version 17
VisualStudioVersion = 17.0.31903.59
MinimumVisualStudioVersion = 10.0.40219.1
Project("{2150E333-8FDC-42A3-9474-1A3956D46DE8}") = "src", "src", "{827E0CD3-B72D-47B6-A68D-7590B98EB39B}"
EndProject
Project("{FAE04EC0-301F-11D3-BF4B-00C04F79EFBC}") = "Peerly.Auth.Api", "src\Peerly.Auth.Api\Peerly.Auth.Api.csproj", "{0ED48D23-4FC0-4868-9642-D6E93A33BCB3}"
EndProject
Project("{2150E333-8FDC-42A3-9474-1A3956D46DE8}") = "tests", "tests", "{0AB3BF05-4346-4AA6-1389-037BE0695223}"
EndProject
Project("{FAE04EC0-301F-11D3-BF4B-00C04F79EFBC}") = "Peerly.Auth.Tests", "tests\Peerly.Auth.Tests\Peerly.Auth.Tests.csproj", "{AD16B741-757E-4F66-8BB0-29C2A86261FD}"
EndProject
Project("{FAE04EC0-301F-11D3-BF4B-00C04F79EFBC}") = "Peerly.Auth.Persistence", "src\Peerly.Auth.Persistence\Peerly.Auth.Persistence.csproj", "{6D6B5C95-07EC-4B08-A843-3D026BC8A49C}"
EndProject
Project("{FAE04EC0-301F-11D3-BF4B-00C04F79EFBC}") = "Peerly.Auth", "src\Peerly.Auth\Peerly.Auth.csproj", "{006283E0-8E26-461E-B2EF-3E74F0E35B9E}"
EndProject
Project("{FAE04EC0-301F-11D3-BF4B-00C04F79EFBC}") = "Peerly.Auth.ApplicationServices", "src\Peerly.Auth.ApplicationServices\Peerly.Auth.ApplicationServices.csproj", "{B053027F-9196-45B5-A3C5-CDAC744F3357}"
EndProject
Global
	GlobalSection(SolutionConfigurationPlatforms) = preSolution
		Debug|Any CPU = Debug|Any CPU
		Debug|x64 = Debug|x64
		Debug|x86 = Debug|x86
		Release|Any CPU = Release|Any CPU
		Release|x64 = Release|x64
		Release|x86 = Release|x86
	EndGlobalSection
	GlobalSection(ProjectConfigurationPlatforms) = postSolution
		{0ED48D23-4FC0-4868-9642-D6E93A33BCB3}.Debug|Any CPU.ActiveCfg = Debug|Any CPU
		{0ED48D23-4FC0-4868-9642-D6E93A33BCB3}.Debug|Any CPU.Build.0 = Debug|Any CPU
		{0ED48D23-4FC0-4868-9642-D6E93A33BCB3}.Debug|x64.ActiveCfg = Debug|Any CPU
		{0ED48D23-4FC0-4868-9642-D6E93A33BCB3}.Debug|x64.Build.0 = Debug|Any CPU
		{0ED48D23-4FC0-4868-9642-D6E93A33BCB3}.Debug|x86.ActiveCfg = Debug|Any CPU
		{0ED48D23-4FC0-4868-9642-D6E93A33BCB3}.Debug|x86.Build.0 = Debug|Any CPU
		{0ED48D23-4FC0-4868-9642-D6E93A33BCB3}.Release|Any CPU.ActiveCfg = Release|Any CPU
		{0ED48D23-4FC0-4868-9642-D6E93A33BCB3}.Release|Any CPU.Build.0 = Release|Any CPU
		{0ED48D23-4FC0-4868-9642-D6E93A33BCB3}.Release|x64.ActiveCfg = Release|Any CPU
		{0ED48D23-4FC0-4868-9642-D6E93A33BCB3}.Release|x64.Build.0 = Release|Any CPU
		{0ED48D23-4FC0-4868-9642-D6E93A33BCB3}.Release|x86.ActiveCfg = Release|Any CPU
		{0ED48D23-4FC0-4868-9642-D6E93A33BCB3}.Release|x86.Build.0 = Release|Any CPU
		{AD16B741-757E-4F66-8BB0-29C2A86261FD}.Debug|Any CPU.ActiveCfg = Debug|Any CPU
		{AD16B741-757E-4F66-8BB0-29C2A86261FD}.Debug|Any CPU.Build.0 = Debug|Any CPU
		{AD16B741-757E-4F66-8BB0-29C2A86261FD}.Debug|x64.ActiveCfg = Debug|Any CPU
		{AD16B741-757E-4F66-8BB0-29C2A86261FD}.Debug|x64.Build.0 = Debug|Any CPU
		{AD16B741-757E-4F66-8BB0-29C2A86261FD}.Debug|x86.ActiveCfg = Debug|Any CPU
		{AD16B741-757E-4F66-8BB0-29C2A86261FD}.Debug|x86.Build.0 = Debug|Any CPU
		{AD16B741-757E-4F66-8BB0-29C2A86261FD}.Release|Any CPU.ActiveCfg = Release|Any CPU
		{AD16B741-757E-4F66-8BB0-29C2A86261FD}.Release|Any CPU.Build.0 = Release|Any CPU
		{AD16B741-757E-4F66-8BB0-29C2A86261FD}.Release|x64.ActiveCfg = Release|Any CPU
		{AD16B741-757E-4F66-8BB0-29C2A86261FD}.Release|x64.Build.0 = Release|Any CPU
		{AD16B741-757E-4F66-8BB0-29C2A86261FD}.Release|x86.ActiveCfg = Release|Any CPU
		{AD16B741-757E-4F66-8BB0-29C2A86261FD}.Release|x86.Build.0 = Release|Any CPU
		{6D6B5C95-07EC-4B08-A843-3D026BC8A49C}.Debug|Any CPU.ActiveCfg = Debug|Any CPU
		{6D6B5C95-07EC-4B08-A843-3D026BC8A49C}.Debug|Any CPU.Build.0 = Debug|Any CPU
		{6D6B5C95-07EC-4B08-A843-3D026BC8A49C}.Debug|x64.ActiveCfg = Debug|Any CPU
		{6D6B5C95-07EC-4B08-A843-3D026BC8A49C}.Debug|x64.Build.0 = Debug|Any CPU
		{6D6B5C95-07EC-4B08-A843-3D026BC8A49C}.Debug|x86.ActiveCfg = Debug|Any CPU
		{6D6B5C95-07EC-4B08-A843-3D026BC8A49C}.Debug|x86.Build.0 = Debug|Any CPU
		{6D6B5C95-07EC-4B08-A843-3D026BC8A49C}.Release|Any CPU.ActiveCfg = Release|Any CPU
		{6D6B5C95-07EC-4B08-A843-3D026BC8A49C}.Release|Any CPU.Build.0 = Release|Any CPU
		{6D6B5C95-07EC-4B08-A843-3D026BC8A49C}.Release|x64.ActiveCfg = Release|Any CPU
		{6D6B5C95-07EC-4B08-A843-3D026BC8A49C}.Release|x64.Build.0 = Release|Any CPU
		{6D6B5C95-07EC-4B08-A843-3D026BC8A49C}.Release|x86.ActiveCfg = Release|Any CPU
		{6D6B5C95-07EC-4B08-A843-3D026BC8A49C}.Release|x86.Build.0 = Release|Any CPU
		{006283E0-8E26-461E-B2EF-3E74F0E35B9E}.Debug|Any CPU.ActiveCfg = Debug|Any CPU
		{006283E0-8E26-461E-B2EF-3E74F0E35B9E}.Debug|Any CPU.Build.0 = Debug|Any CPU
		{006283E0-8E26-461E-B2EF-3E74F0E35B9E}.Debug|x64.ActiveCfg = Debug|Any CPU
		{006283E0-8E26-461E-B2EF-3E74F0E35B9E}.Debug|x64.Build.0 = Debug|Any CPU
		{006283E0-8E26-461E-B2EF-3E74F0E35B9E}.Debug|x86.ActiveCfg = Debug|Any CPU
		{006283E0-8E26-461E-B2EF-3E74F0E35B9E}.Debug|x86.Build.0 = Debug|Any CPU
		{006283E0-8E26-461E-B2EF-3E74F0E35B9E}.Release|Any CPU.ActiveCfg = Release|Any CPU
		{006283E0-8E26-461E-B2EF-3E74F0E35B9E}.Release|Any CPU.Build.0 = Release|Any CPU
		{006283E0-8E26-461E-B2EF-3E74F0E35B9E}.Release|x64.ActiveCfg = Release|Any CPU
		{006283E0-8E26-461E-B2EF-3E74F0E35B9E}.Release|x64.Build.0 = Release|Any CPU
		{006283E0-8E26-461E-B2EF-3E74F0E35B9E}.Release|x86.ActiveCfg = Release|Any CPU
		{006283E0-8E26-461E-B2EF-3E74F0E35B9E}.Release|x86.Build.0 = Release|Any CPU
		{B053027F-9196-45B5-A3C5-CDAC744F3357}.Debug|Any CPU.ActiveCfg = Debug|Any CPU
		{B053027F-9196-45B5-A3C5-CDAC744F3357}.Debug|Any CPU.Build.0 = Debug|Any CPU
		{B053027F-9196-45B5-A3C5-CDAC744F3357}.Debug|x64.ActiveCfg = Debug|Any CPU
		{B053027F-9196-45B5-A3C5-CDAC744F3357}.Debug|x64.Build.0 = Debug|Any CPU
		{B053027F-9196-45B5-A3C5-CDAC744F3357}.Debug|x86.ActiveCfg = Debug|Any CPU
		{B053027F-9196-45B5-A3C5-CDAC744F3357}.Debug|x86.Build.0 = Debug|Any CPU
		{B053027F-9196-45B5-A3C5-CDAC744F3357}.Release|Any CPU.ActiveCfg = Release|Any CPU
		{B053027F-9196-45B5-A3C5-CDAC744F3357}.Release|Any CPU.Build.0 = Release|Any CPU
		{B053027F-9196-45B5-A3C5-CDAC744F3357}.Release|x64.ActiveCfg = Release|Any CPU
		{B053027F-9196-45B5-A3C5-CDAC744F3357}.Release|x64.Build.0 = Release|Any CPU
		{B053027F-9196-45B5-A3C5-CDAC744F3357}.Release|x86.ActiveCfg = Release|Any CPU
		{B053027F-9196-45B5-A3C5-CDAC744F3357}.Release|x86.Build.0 = Release|Any CPU
	EndGlobalSection
	GlobalSection(SolutionProperties) = preSolution
		HideSolutionNode = FALSE
	EndGlobalSection
	GlobalSection(NestedProjects) = preSolution
		{0ED48D23-4FC0-4868-9642-D6E93A33BCB3} = {827E0CD3-B72D-47B6-A68D-7590B98EB39B}
		{AD16B741-757E-4F66-8BB0-29C2A86261FD} = {0AB3BF05-4346-4AA6-1389-037BE0695223}
		{6D6B5C95-07EC-4B08-A843-3D026BC8A49C} = {827E0CD3-B72D-47B6-A68D-7590B98EB39B}
		{006283E0-8E26-461E-B2EF-3E74F0E35B9E} = {827E0CD3-B72D-47B6-A68D-7590B98EB39B}
		{B053027F-9196-45B5-A3C5-CDAC744F3357} = {827E0CD3-B72D-47B6-A68D-7590B98EB39B}
	EndGlobalSection
EndGlobal
